
Microsoft Visual Studio Solution File, Format Version 12.00
# Visual Studio Version 17
VisualStudioVersion = 17.3.32825.248
MinimumVisualStudioVersion = 10.0.40219.1
Project("{9A19103F-16F7-4668-BE54-9A1E7A4F7556}") = "ContosoPizza", "ContosoPizza.csproj", "{F6951D66-E5BB-4292-BA92-AE437AB17250}"
EndProject
Global
	GlobalSection(SolutionConfigurationPlatforms) = preSolution
		Debug|Any CPU = Debug|Any CPU
		Release|Any CPU = Release|Any CPU
	EndGlobalSection
	GlobalSection(ProjectConfigurationPlatforms) = postSolution
		{F6951D66-E5BB-4292-BA92-AE437AB17250}.Debug|Any CPU.ActiveCfg = Debug|Any CPU
		{F6951D66-E5BB-4292-BA92-AE437AB17250}.Debug|Any CPU.Build.0 = Debug|Any CPU
		{F6951D66-E5BB-4292-BA92-AE437AB17250}.Release|Any CPU.ActiveCfg = Release|Any CPU
		{F6951D66-E5BB-4292-BA92-AE437AB17250}.Release|Any CPU.Build.0 = Release|Any CPU
	EndGlobalSection
	GlobalSection(SolutionProperties) = preSolution
		HideSolutionNode = FALSE
	EndGlobalSection
	GlobalSection(ExtensibilityGlobals) = postSolution
		SolutionGuid = {875980A1-F815-4712-8A65-8471F48D7BD6}
	EndGlobalSection
EndGlobal
